# This file is automatically @generated by Cargo.
# It is not intended for manual editing.
version = 4

[[package]]
name = "broker-core"
version = "0.1.0"

[[package]]
name = "broker-host"
version = "0.1.0"
dependencies = [
 "broker-core",
 "broker-runtime",
 "sitas-unix",
]

[[package]]
name = "broker-runtime"
version = "0.1.0"
dependencies = [
 "broker-core",
 "sitas-core",
]

[[package]]
name = "broker-wire"
version = "0.1.0"
dependencies = [
 "broker-core",
]

[[package]]
name = "lock_api"
version = "0.4.14"
source = "registry+https://github.com/rust-lang/crates.io-index"
checksum = "224399e74b87b5f3557511d98dff8b14089b3dadafcab6bb93eab67d3aace965"
dependencies = [
 "scopeguard",
]

[[package]]
name = "scopeguard"
version = "1.2.0"
source = "registry+https://github.com/rust-lang/crates.io-index"
checksum = "94143f37725109f92c262ed2cf5e59bce7498c01bcc1502d7b9afe439a4e9f49"

[[package]]
name = "sitas-core"
version = "0.2.0"
source = "git+https://github.com/FrodeRanders/sitas?rev=94eca68554e88f06721df4ccf3a69222a963c2c9#94eca68554e88f06721df4ccf3a69222a963c2c9"
dependencies = [
 "spin",
]

[[package]]
name = "sitas-unix"
version = "0.2.0"
source = "git+https://github.com/FrodeRanders/sitas?rev=94eca68554e88f06721df4ccf3a69222a963c2c9#94eca68554e88f06721df4ccf3a69222a963c2c9"
dependencies = [
 "sitas-core",
]

[[package]]
name = "spin"
version = "0.9.9"
source = "registry+https://github.com/rust-lang/crates.io-index"
checksum = "3763264f6b73151db08c50ff20d7d8a0b8796e021cdea7ceedad07b80155fa0e"
dependencies = [
 "lock_api",
]
