# Pinned CharlotteOS platform inputs for the out-of-tree build.
#
# The revision is the same one pinned by the root Cargo.toml git dependencies.
# tools/charlotte-sdk.sh verifies it for a checkout and for an exported SDK.
OS_REPOSITORY=https://github.com/FrodeRanders/charlotte-os
OS_REVISION=81d5064a0bb0a1da6b3bc47c4658b304c3b7f6d4
TOOLCHAIN=nightly-2026-07-27
SDK_SCHEMA=1
