# Pinned CharlotteOS platform inputs for the out-of-tree build.
#
# The revision is the same one pinned by the root Cargo.toml git dependencies.
# tools/charlotte-sdk.sh verifies it for a checkout and for an exported SDK.
OS_REPOSITORY=https://github.com/FrodeRanders/charlotte-os
OS_REVISION=bc04d048eeb65bdb6391cbc2410a2beb9bd81f29
OS_TAG=app-platform-bc04d048
TOOLCHAIN=nightly-2026-07-27
SDK_SCHEMA=1
